
Microsoft Visual Studio Solution File, Format Version 12.00
# Visual Studio 15
VisualStudioVersion = 15.0.27428.2005
MinimumVisualStudioVersion = 10.0.40219.1
Project("{FAE04EC0-301F-11D3-BF4B-00C04F79EFBC}") = "Spor.Core", "Spor.Core\Spor.Core.csproj", "{D49DB61E-89FE-4843-87B2-EA1091EDB624}"
EndProject
Project("{FAE04EC0-301F-11D3-BF4B-00C04F79EFBC}") = "Spor.Bussines", "Spor.Bussines\Spor.Bussines.csproj", "{6EA9A1E1-2BD5-4CCA-B321-549E3E896D4B}"
EndProject
Project("{FAE04EC0-301F-11D3-BF4B-00C04F79EFBC}") = "Spor.UI", "Spor.UI\Spor.UI.csproj", "{8081BC54-FC94-40F2-A485-0B37BE995D71}"
EndProject
Project("{FAE04EC0-301F-11D3-BF4B-00C04F79EFBC}") = "Spor.Http", "Spor.Http\Spor.Http.csproj", "{2EB85DDC-6987-48A3-A341-0530B620C6D3}"
EndProject
Project("{FAE04EC0-301F-11D3-BF4B-00C04F79EFBC}") = "Spor.Mobile.Android", "Spor.Mobile\Spor.Mobile.Android\Spor.Mobile.Android.csproj", "{D3297C09-0EE4-4030-95B2-F49564DEB34E}"
EndProject
Project("{FAE04EC0-301F-11D3-BF4B-00C04F79EFBC}") = "Spor.Mobile.iOS", "Spor.Mobile\Spor.Mobile.iOS\Spor.Mobile.iOS.csproj", "{CEF90C57-52D1-4F3A-ADEF-477020EF4E69}"
EndProject
Project("{D954291E-2A0B-460D-934E-DC6B0785DB48}") = "Spor.Mobile", "Spor.Mobile\Spor.Mobile\Spor.Mobile.shproj", "{6D180FF7-7CA6-447C-971C-642693461AEB}"
EndProject
Global
	GlobalSection(SharedMSBuildProjectFiles) = preSolution
		Spor.Mobile\Spor.Mobile\Spor.Mobile.projitems*{6d180ff7-7ca6-447c-971c-642693461aeb}*SharedItemsImports = 13
		Spor.Mobile\Spor.Mobile\Spor.Mobile.projitems*{cef90c57-52d1-4f3a-adef-477020ef4e69}*SharedItemsImports = 4
		Spor.Mobile\Spor.Mobile\Spor.Mobile.projitems*{d3297c09-0ee4-4030-95b2-f49564deb34e}*SharedItemsImports = 4
	EndGlobalSection
	GlobalSection(SolutionConfigurationPlatforms) = preSolution
		Ad-Hoc|Any CPU = Ad-Hoc|Any CPU
		Ad-Hoc|iPhone = Ad-Hoc|iPhone
		Ad-Hoc|iPhoneSimulator = Ad-Hoc|iPhoneSimulator
		AppStore|Any CPU = AppStore|Any CPU
		AppStore|iPhone = AppStore|iPhone
		AppStore|iPhoneSimulator = AppStore|iPhoneSimulator
		Debug|Any CPU = Debug|Any CPU
		Debug|iPhone = Debug|iPhone
		Debug|iPhoneSimulator = Debug|iPhoneSimulator
		Release|Any CPU = Release|Any CPU
		Release|iPhone = Release|iPhone
		Release|iPhoneSimulator = Release|iPhoneSimulator
	EndGlobalSection
	GlobalSection(ProjectConfigurationPlatforms) = postSolution
		{D49DB61E-89FE-4843-87B2-EA1091EDB624}.Ad-Hoc|Any CPU.ActiveCfg = Release|Any CPU
		{D49DB61E-89FE-4843-87B2-EA1091EDB624}.Ad-Hoc|Any CPU.Build.0 = Release|Any CPU
		{D49DB61E-89FE-4843-87B2-EA1091EDB624}.Ad-Hoc|iPhone.ActiveCfg = Release|Any CPU
		{D49DB61E-89FE-4843-87B2-EA1091EDB624}.Ad-Hoc|iPhone.Build.0 = Release|Any CPU
		{D49DB61E-89FE-4843-87B2-EA1091EDB624}.Ad-Hoc|iPhoneSimulator.ActiveCfg = Release|Any CPU
		{D49DB61E-89FE-4843-87B2-EA1091EDB624}.Ad-Hoc|iPhoneSimulator.Build.0 = Release|Any CPU
		{D49DB61E-89FE-4843-87B2-EA1091EDB624}.AppStore|Any CPU.ActiveCfg = Release|Any CPU
		{D49DB61E-89FE-4843-87B2-EA1091EDB624}.AppStore|Any CPU.Build.0 = Release|Any CPU
		{D49DB61E-89FE-4843-87B2-EA1091EDB624}.AppStore|iPhone.ActiveCfg = Release|Any CPU
		{D49DB61E-89FE-4843-87B2-EA1091EDB624}.AppStore|iPhone.Build.0 = Release|Any CPU
		{D49DB61E-89FE-4843-87B2-EA1091EDB624}.AppStore|iPhoneSimulator.ActiveCfg = Release|Any CPU
		{D49DB61E-89FE-4843-87B2-EA1091EDB624}.AppStore|iPhoneSimulator.Build.0 = Release|Any CPU
		{D49DB61E-89FE-4843-87B2-EA1091EDB624}.Debug|Any CPU.ActiveCfg = Debug|Any CPU
		{D49DB61E-89FE-4843-87B2-EA1091EDB624}.Debug|Any CPU.Build.0 = Debug|Any CPU
		{D49DB61E-89FE-4843-87B2-EA1091EDB624}.Debug|iPhone.ActiveCfg = Debug|Any CPU
		{D49DB61E-89FE-4843-87B2-EA1091EDB624}.Debug|iPhone.Build.0 = Debug|Any CPU
		{D49DB61E-89FE-4843-87B2-EA1091EDB624}.Debug|iPhoneSimulator.ActiveCfg = Debug|Any CPU
		{D49DB61E-89FE-4843-87B2-EA1091EDB624}.Debug|iPhoneSimulator.Build.0 = Debug|Any CPU
		{D49DB61E-89FE-4843-87B2-EA1091EDB624}.Release|Any CPU.ActiveCfg = Release|Any CPU
		{D49DB61E-89FE-4843-87B2-EA1091EDB624}.Release|Any CPU.Build.0 = Release|Any CPU
		{D49DB61E-89FE-4843-87B2-EA1091EDB624}.Release|iPhone.ActiveCfg = Release|Any CPU
		{D49DB61E-89FE-4843-87B2-EA1091EDB624}.Release|iPhone.Build.0 = Release|Any CPU
		{D49DB61E-89FE-4843-87B2-EA1091EDB624}.Release|iPhoneSimulator.ActiveCfg = Release|Any CPU
		{D49DB61E-89FE-4843-87B2-EA1091EDB624}.Release|iPhoneSimulator.Build.0 = Release|Any CPU
		{6EA9A1E1-2BD5-4CCA-B321-549E3E896D4B}.Ad-Hoc|Any CPU.ActiveCfg = Release|Any CPU
		{6EA9A1E1-2BD5-4CCA-B321-549E3E896D4B}.Ad-Hoc|Any CPU.Build.0 = Release|Any CPU
		{6EA9A1E1-2BD5-4CCA-B321-549E3E896D4B}.Ad-Hoc|iPhone.ActiveCfg = Release|Any CPU
		{6EA9A1E1-2BD5-4CCA-B321-549E3E896D4B}.Ad-Hoc|iPhone.Build.0 = Release|Any CPU
		{6EA9A1E1-2BD5-4CCA-B321-549E3E896D4B}.Ad-Hoc|iPhoneSimulator.ActiveCfg = Release|Any CPU
		{6EA9A1E1-2BD5-4CCA-B321-549E3E896D4B}.Ad-Hoc|iPhoneSimulator.Build.0 = Release|Any CPU
		{6EA9A1E1-2BD5-4CCA-B321-549E3E896D4B}.AppStore|Any CPU.ActiveCfg = Release|Any CPU
		{6EA9A1E1-2BD5-4CCA-B321-549E3E896D4B}.AppStore|Any CPU.Build.0 = Release|Any CPU
		{6EA9A1E1-2BD5-4CCA-B321-549E3E896D4B}.AppStore|iPhone.ActiveCfg = Release|Any CPU
		{6EA9A1E1-2BD5-4CCA-B321-549E3E896D4B}.AppStore|iPhone.Build.0 = Release|Any CPU
		{6EA9A1E1-2BD5-4CCA-B321-549E3E896D4B}.AppStore|iPhoneSimulator.ActiveCfg = Release|Any CPU
		{6EA9A1E1-2BD5-4CCA-B321-549E3E896D4B}.AppStore|iPhoneSimulator.Build.0 = Release|Any CPU
		{6EA9A1E1-2BD5-4CCA-B321-549E3E896D4B}.Debug|Any CPU.ActiveCfg = Debug|Any CPU
		{6EA9A1E1-2BD5-4CCA-B321-549E3E896D4B}.Debug|Any CPU.Build.0 = Debug|Any CPU
		{6EA9A1E1-2BD5-4CCA-B321-549E3E896D4B}.Debug|iPhone.ActiveCfg = Debug|Any CPU
		{6EA9A1E1-2BD5-4CCA-B321-549E3E896D4B}.Debug|iPhone.Build.0 = Debug|Any CPU
		{6EA9A1E1-2BD5-4CCA-B321-549E3E896D4B}.Debug|iPhoneSimulator.ActiveCfg = Debug|Any CPU
		{6EA9A1E1-2BD5-4CCA-B321-549E3E896D4B}.Debug|iPhoneSimulator.Build.0 = Debug|Any CPU
		{6EA9A1E1-2BD5-4CCA-B321-549E3E896D4B}.Release|Any CPU.ActiveCfg = Release|Any CPU
		{6EA9A1E1-2BD5-4CCA-B321-549E3E896D4B}.Release|Any CPU.Build.0 = Release|Any CPU
		{6EA9A1E1-2BD5-4CCA-B321-549E3E896D4B}.Release|iPhone.ActiveCfg = Release|Any CPU
		{6EA9A1E1-2BD5-4CCA-B321-549E3E896D4B}.Release|iPhone.Build.0 = Release|Any CPU
		{6EA9A1E1-2BD5-4CCA-B321-549E3E896D4B}.Release|iPhoneSimulator.ActiveCfg = Release|Any CPU
		{6EA9A1E1-2BD5-4CCA-B321-549E3E896D4B}.Release|iPhoneSimulator.Build.0 = Release|Any CPU
		{8081BC54-FC94-40F2-A485-0B37BE995D71}.Ad-Hoc|Any CPU.ActiveCfg = Release|Any CPU
		{8081BC54-FC94-40F2-A485-0B37BE995D71}.Ad-Hoc|Any CPU.Build.0 = Release|Any CPU
		{8081BC54-FC94-40F2-A485-0B37BE995D71}.Ad-Hoc|iPhone.ActiveCfg = Release|Any CPU
		{8081BC54-FC94-40F2-A485-0B37BE995D71}.Ad-Hoc|iPhone.Build.0 = Release|Any CPU
		{8081BC54-FC94-40F2-A485-0B37BE995D71}.Ad-Hoc|iPhoneSimulator.ActiveCfg = Release|Any CPU
		{8081BC54-FC94-40F2-A485-0B37BE995D71}.Ad-Hoc|iPhoneSimulator.Build.0 = Release|Any CPU
		{8081BC54-FC94-40F2-A485-0B37BE995D71}.AppStore|Any CPU.ActiveCfg = Release|Any CPU
		{8081BC54-FC94-40F2-A485-0B37BE995D71}.AppStore|Any CPU.Build.0 = Release|Any CPU
		{8081BC54-FC94-40F2-A485-0B37BE995D71}.AppStore|iPhone.ActiveCfg = Release|Any CPU
		{8081BC54-FC94-40F2-A485-0B37BE995D71}.AppStore|iPhone.Build.0 = Release|Any CPU
		{8081BC54-FC94-40F2-A485-0B37BE995D71}.AppStore|iPhoneSimulator.ActiveCfg = Release|Any CPU
		{8081BC54-FC94-40F2-A485-0B37BE995D71}.AppStore|iPhoneSimulator.Build.0 = Release|Any CPU
		{8081BC54-FC94-40F2-A485-0B37BE995D71}.Debug|Any CPU.ActiveCfg = Debug|Any CPU
		{8081BC54-FC94-40F2-A485-0B37BE995D71}.Debug|Any CPU.Build.0 = Debug|Any CPU
		{8081BC54-FC94-40F2-A485-0B37BE995D71}.Debug|iPhone.ActiveCfg = Debug|Any CPU
		{8081BC54-FC94-40F2-A485-0B37BE995D71}.Debug|iPhone.Build.0 = Debug|Any CPU
		{8081BC54-FC94-40F2-A485-0B37BE995D71}.Debug|iPhoneSimulator.ActiveCfg = Debug|Any CPU
		{8081BC54-FC94-40F2-A485-0B37BE995D71}.Debug|iPhoneSimulator.Build.0 = Debug|Any CPU
		{8081BC54-FC94-40F2-A485-0B37BE995D71}.Release|Any CPU.ActiveCfg = Release|Any CPU
		{8081BC54-FC94-40F2-A485-0B37BE995D71}.Release|Any CPU.Build.0 = Release|Any CPU
		{8081BC54-FC94-40F2-A485-0B37BE995D71}.Release|iPhone.ActiveCfg = Release|Any CPU
		{8081BC54-FC94-40F2-A485-0B37BE995D71}.Release|iPhone.Build.0 = Release|Any CPU
		{8081BC54-FC94-40F2-A485-0B37BE995D71}.Release|iPhoneSimulator.ActiveCfg = Release|Any CPU
		{8081BC54-FC94-40F2-A485-0B37BE995D71}.Release|iPhoneSimulator.Build.0 = Release|Any CPU
		{2EB85DDC-6987-48A3-A341-0530B620C6D3}.Ad-Hoc|Any CPU.ActiveCfg = Release|Any CPU
		{2EB85DDC-6987-48A3-A341-0530B620C6D3}.Ad-Hoc|Any CPU.Build.0 = Release|Any CPU
		{2EB85DDC-6987-48A3-A341-0530B620C6D3}.Ad-Hoc|iPhone.ActiveCfg = Release|Any CPU
		{2EB85DDC-6987-48A3-A341-0530B620C6D3}.Ad-Hoc|iPhone.Build.0 = Release|Any CPU
		{2EB85DDC-6987-48A3-A341-0530B620C6D3}.Ad-Hoc|iPhoneSimulator.ActiveCfg = Release|Any CPU
		{2EB85DDC-6987-48A3-A341-0530B620C6D3}.Ad-Hoc|iPhoneSimulator.Build.0 = Release|Any CPU
		{2EB85DDC-6987-48A3-A341-0530B620C6D3}.AppStore|Any CPU.ActiveCfg = Release|Any CPU
		{2EB85DDC-6987-48A3-A341-0530B620C6D3}.AppStore|Any CPU.Build.0 = Release|Any CPU
		{2EB85DDC-6987-48A3-A341-0530B620C6D3}.AppStore|iPhone.ActiveCfg = Release|Any CPU
		{2EB85DDC-6987-48A3-A341-0530B620C6D3}.AppStore|iPhone.Build.0 = Release|Any CPU
		{2EB85DDC-6987-48A3-A341-0530B620C6D3}.AppStore|iPhoneSimulator.ActiveCfg = Release|Any CPU
		{2EB85DDC-6987-48A3-A341-0530B620C6D3}.AppStore|iPhoneSimulator.Build.0 = Release|Any CPU
		{2EB85DDC-6987-48A3-A341-0530B620C6D3}.Debug|Any CPU.ActiveCfg = Debug|Any CPU
		{2EB85DDC-6987-48A3-A341-0530B620C6D3}.Debug|Any CPU.Build.0 = Debug|Any CPU
		{2EB85DDC-6987-48A3-A341-0530B620C6D3}.Debug|iPhone.ActiveCfg = Debug|Any CPU
		{2EB85DDC-6987-48A3-A341-0530B620C6D3}.Debug|iPhone.Build.0 = Debug|Any CPU
		{2EB85DDC-6987-48A3-A341-0530B620C6D3}.Debug|iPhoneSimulator.ActiveCfg = Debug|Any CPU
		{2EB85DDC-6987-48A3-A341-0530B620C6D3}.Debug|iPhoneSimulator.Build.0 = Debug|Any CPU
		{2EB85DDC-6987-48A3-A341-0530B620C6D3}.Release|Any CPU.ActiveCfg = Release|Any CPU
		{2EB85DDC-6987-48A3-A341-0530B620C6D3}.Release|Any CPU.Build.0 = Release|Any CPU
		{2EB85DDC-6987-48A3-A341-0530B620C6D3}.Release|iPhone.ActiveCfg = Release|Any CPU
		{2EB85DDC-6987-48A3-A341-0530B620C6D3}.Release|iPhone.Build.0 = Release|Any CPU
		{2EB85DDC-6987-48A3-A341-0530B620C6D3}.Release|iPhoneSimulator.ActiveCfg = Release|Any CPU
		{2EB85DDC-6987-48A3-A341-0530B620C6D3}.Release|iPhoneSimulator.Build.0 = Release|Any CPU
		{D3297C09-0EE4-4030-95B2-F49564DEB34E}.Ad-Hoc|Any CPU.ActiveCfg = Release|Any CPU
		{D3297C09-0EE4-4030-95B2-F49564DEB34E}.Ad-Hoc|Any CPU.Build.0 = Release|Any CPU
		{D3297C09-0EE4-4030-95B2-F49564DEB34E}.Ad-Hoc|Any CPU.Deploy.0 = Release|Any CPU
		{D3297C09-0EE4-4030-95B2-F49564DEB34E}.Ad-Hoc|iPhone.ActiveCfg = Release|Any CPU
		{D3297C09-0EE4-4030-95B2-F49564DEB34E}.Ad-Hoc|iPhone.Build.0 = Release|Any CPU
		{D3297C09-0EE4-4030-95B2-F49564DEB34E}.Ad-Hoc|iPhone.Deploy.0 = Release|Any CPU
		{D3297C09-0EE4-4030-95B2-F49564DEB34E}.Ad-Hoc|iPhoneSimulator.ActiveCfg = Release|Any CPU
		{D3297C09-0EE4-4030-95B2-F49564DEB34E}.Ad-Hoc|iPhoneSimulator.Build.0 = Release|Any CPU
		{D3297C09-0EE4-4030-95B2-F49564DEB34E}.Ad-Hoc|iPhoneSimulator.Deploy.0 = Release|Any CPU
		{D3297C09-0EE4-4030-95B2-F49564DEB34E}.AppStore|Any CPU.ActiveCfg = Release|Any CPU
		{D3297C09-0EE4-4030-95B2-F49564DEB34E}.AppStore|Any CPU.Build.0 = Release|Any CPU
		{D3297C09-0EE4-4030-95B2-F49564DEB34E}.AppStore|Any CPU.Deploy.0 = Release|Any CPU
		{D3297C09-0EE4-4030-95B2-F49564DEB34E}.AppStore|iPhone.ActiveCfg = Release|Any CPU
		{D3297C09-0EE4-4030-95B2-F49564DEB34E}.AppStore|iPhone.Build.0 = Release|Any CPU
		{D3297C09-0EE4-4030-95B2-F49564DEB34E}.AppStore|iPhone.Deploy.0 = Release|Any CPU
		{D3297C09-0EE4-4030-95B2-F49564DEB34E}.AppStore|iPhoneSimulator.ActiveCfg = Release|Any CPU
		{D3297C09-0EE4-4030-95B2-F49564DEB34E}.AppStore|iPhoneSimulator.Build.0 = Release|Any CPU
		{D3297C09-0EE4-4030-95B2-F49564DEB34E}.AppStore|iPhoneSimulator.Deploy.0 = Release|Any CPU
		{D3297C09-0EE4-4030-95B2-F49564DEB34E}.Debug|Any CPU.ActiveCfg = Debug|Any CPU
		{D3297C09-0EE4-4030-95B2-F49564DEB34E}.Debug|Any CPU.Build.0 = Debug|Any CPU
		{D3297C09-0EE4-4030-95B2-F49564DEB34E}.Debug|Any CPU.Deploy.0 = Debug|Any CPU
		{D3297C09-0EE4-4030-95B2-F49564DEB34E}.Debug|iPhone.ActiveCfg = Debug|Any CPU
		{D3297C09-0EE4-4030-95B2-F49564DEB34E}.Debug|iPhone.Build.0 = Debug|Any CPU
		{D3297C09-0EE4-4030-95B2-F49564DEB34E}.Debug|iPhone.Deploy.0 = Debug|Any CPU
		{D3297C09-0EE4-4030-95B2-F49564DEB34E}.Debug|iPhoneSimulator.ActiveCfg = Debug|Any CPU
		{D3297C09-0EE4-4030-95B2-F49564DEB34E}.Debug|iPhoneSimulator.Build.0 = Debug|Any CPU
		{D3297C09-0EE4-4030-95B2-F49564DEB34E}.Debug|iPhoneSimulator.Deploy.0 = Debug|Any CPU
		{D3297C09-0EE4-4030-95B2-F49564DEB34E}.Release|Any CPU.ActiveCfg = Release|Any CPU
		{D3297C09-0EE4-4030-95B2-F49564DEB34E}.Release|Any CPU.Build.0 = Release|Any CPU
		{D3297C09-0EE4-4030-95B2-F49564DEB34E}.Release|Any CPU.Deploy.0 = Release|Any CPU
		{D3297C09-0EE4-4030-95B2-F49564DEB34E}.Release|iPhone.ActiveCfg = Release|Any CPU
		{D3297C09-0EE4-4030-95B2-F49564DEB34E}.Release|iPhone.Build.0 = Release|Any CPU
		{D3297C09-0EE4-4030-95B2-F49564DEB34E}.Release|iPhone.Deploy.0 = Release|Any CPU
		{D3297C09-0EE4-4030-95B2-F49564DEB34E}.Release|iPhoneSimulator.ActiveCfg = Release|Any CPU
		{D3297C09-0EE4-4030-95B2-F49564DEB34E}.Release|iPhoneSimulator.Build.0 = Release|Any CPU
		{D3297C09-0EE4-4030-95B2-F49564DEB34E}.Release|iPhoneSimulator.Deploy.0 = Release|Any CPU
		{CEF90C57-52D1-4F3A-ADEF-477020EF4E69}.Ad-Hoc|Any CPU.ActiveCfg = Ad-Hoc|iPhone
		{CEF90C57-52D1-4F3A-ADEF-477020EF4E69}.Ad-Hoc|iPhone.ActiveCfg = Ad-Hoc|iPhone
		{CEF90C57-52D1-4F3A-ADEF-477020EF4E69}.Ad-Hoc|iPhone.Build.0 = Ad-Hoc|iPhone
		{CEF90C57-52D1-4F3A-ADEF-477020EF4E69}.Ad-Hoc|iPhoneSimulator.ActiveCfg = Ad-Hoc|iPhoneSimulator
		{CEF90C57-52D1-4F3A-ADEF-477020EF4E69}.Ad-Hoc|iPhoneSimulator.Build.0 = Ad-Hoc|iPhoneSimulator
		{CEF90C57-52D1-4F3A-ADEF-477020EF4E69}.AppStore|Any CPU.ActiveCfg = AppStore|iPhone
		{CEF90C57-52D1-4F3A-ADEF-477020EF4E69}.AppStore|iPhone.ActiveCfg = AppStore|iPhone
		{CEF90C57-52D1-4F3A-ADEF-477020EF4E69}.AppStore|iPhone.Build.0 = AppStore|iPhone
		{CEF90C57-52D1-4F3A-ADEF-477020EF4E69}.AppStore|iPhoneSimulator.ActiveCfg = AppStore|iPhoneSimulator
		{CEF90C57-52D1-4F3A-ADEF-477020EF4E69}.AppStore|iPhoneSimulator.Build.0 = AppStore|iPhoneSimulator
		{CEF90C57-52D1-4F3A-ADEF-477020EF4E69}.Debug|Any CPU.ActiveCfg = Debug|iPhone
		{CEF90C57-52D1-4F3A-ADEF-477020EF4E69}.Debug|iPhone.ActiveCfg = Debug|iPhone
		{CEF90C57-52D1-4F3A-ADEF-477020EF4E69}.Debug|iPhone.Build.0 = Debug|iPhone
		{CEF90C57-52D1-4F3A-ADEF-477020EF4E69}.Debug|iPhoneSimulator.ActiveCfg = Debug|iPhoneSimulator
		{CEF90C57-52D1-4F3A-ADEF-477020EF4E69}.Debug|iPhoneSimulator.Build.0 = Debug|iPhoneSimulator
		{CEF90C57-52D1-4F3A-ADEF-477020EF4E69}.Release|Any CPU.ActiveCfg = Release|iPhone
		{CEF90C57-52D1-4F3A-ADEF-477020EF4E69}.Release|iPhone.ActiveCfg = Release|iPhone
		{CEF90C57-52D1-4F3A-ADEF-477020EF4E69}.Release|iPhone.Build.0 = Release|iPhone
		{CEF90C57-52D1-4F3A-ADEF-477020EF4E69}.Release|iPhoneSimulator.ActiveCfg = Release|iPhoneSimulator
		{CEF90C57-52D1-4F3A-ADEF-477020EF4E69}.Release|iPhoneSimulator.Build.0 = Release|iPhoneSimulator
	EndGlobalSection
	GlobalSection(SolutionProperties) = preSolution
		HideSolutionNode = FALSE
	EndGlobalSection
	GlobalSection(ExtensibilityGlobals) = postSolution
		SolutionGuid = {C7AF30F7-DA48-4ECA-87E9-4E35E384A14D}
	EndGlobalSection
EndGlobal
